// !$*UTF8*$!
{
	archiveVersion = 1;
	classes = {
	};
	objectVersion = 48;
	objects = {

/* Begin PBXFileReference section */
		0B3F33B51FE103460042C550 /* TriangulumFlashActuator.java */ = {isa = PBXFileReference; lastKnownFileType = sourcecode.java; path = TriangulumFlashActuator.java; sourceTree = "<group>"; };
		0B3F33B61FE103460042C550 /* README.md */ = {isa = PBXFileReference; lastKnownFileType = net.daringfireball.markdown; path = README.md; sourceTree = "<group>"; };
		0B3F33B71FE103460042C550 /* IsoscelesTriangle.java */ = {isa = PBXFileReference; lastKnownFileType = sourcecode.java; path = IsoscelesTriangle.java; sourceTree = "<group>"; };
		0B3F33B81FE103460042C550 /* LICENSE */ = {isa = PBXFileReference; lastKnownFileType = text; path = LICENSE; sourceTree = "<group>"; };
/* End PBXFileReference section */

/* Begin PBXGroup section */
		0B3F33AA1FE101BD0042C550 = {
			isa = PBXGroup;
			children = (
				0B3F33B71FE103460042C550 /* IsoscelesTriangle.java */,
				0B3F33B81FE103460042C550 /* LICENSE */,
				0B3F33B61FE103460042C550 /* README.md */,
				0B3F33B51FE103460042C550 /* TriangulumFlashActuator.java */,
			);
			sourceTree = "<group>";
		};
/* End PBXGroup section */

/* Begin PBXProject section */
		0B3F33AB1FE101BD0042C550 /* Project object */ = {
			isa = PBXProject;
			attributes = {
				LastUpgradeCheck = 0920;
			};
			buildConfigurationList = 0B3F33AE1FE101BD0042C550 /* Build configuration list for PBXProject "Triangulum-Flash-Actuator" */;
			compatibilityVersion = "Xcode 8.0";
			developmentRegion = en;
			hasScannedForEncodings = 0;
			knownRegions = (
				en,
			);
			mainGroup = 0B3F33AA1FE101BD0042C550;
			projectDirPath = "";
			projectRoot = "";
			targets = (
			);
		};
/* End PBXProject section */

/* Begin XCBuildConfiguration section */
		0B3F33AF1FE101BD0042C550 /* Debug */ = {
			isa = XCBuildConfiguration;
			buildSettings = {
			};
			name = Debug;
		};
		0B3F33B01FE101BD0042C550 /* Release */ = {
			isa = XCBuildConfiguration;
			buildSettings = {
			};
			name = Release;
		};
/* End XCBuildConfiguration section */

/* Begin XCConfigurationList section */
		0B3F33AE1FE101BD0042C550 /* Build configuration list for PBXProject "Triangulum-Flash-Actuator" */ = {
			isa = XCConfigurationList;
			buildConfigurations = (
				0B3F33AF1FE101BD0042C550 /* Debug */,
				0B3F33B01FE101BD0042C550 /* Release */,
			);
			defaultConfigurationIsVisible = 0;
			defaultConfigurationName = Release;
		};
/* End XCConfigurationList section */
	};
	rootObject = 0B3F33AB1FE101BD0042C550 /* Project object */;
}
